
Microsoft Visual Studio Solution File, Format Version 12.00
# Visual Studio 15
VisualStudioVersion = 15.0.28307.168
MinimumVisualStudioVersion = 10.0.40219.1
Project("{FAE04EC0-301F-11D3-BF4B-00C04F79EFBC}") = "MicrosoftDocsTutorials", "MicrosoftDocsTutorials\MicrosoftDocsTutorials.csproj", "{A637F728-332E-42AA-8105-388826A5092C}"
EndProject
Global
	GlobalSection(SolutionConfigurationPlatforms) = preSolution
		Debug|Any CPU = Debug|Any CPU
		Release|Any CPU = Release|Any CPU
	EndGlobalSection
	GlobalSection(ProjectConfigurationPlatforms) = postSolution
		{A637F728-332E-42AA-8105-388826A5092C}.Debug|Any CPU.ActiveCfg = Debug|Any CPU
		{A637F728-332E-42AA-8105-388826A5092C}.Debug|Any CPU.Build.0 = Debug|Any CPU
		{A637F728-332E-42AA-8105-388826A5092C}.Release|Any CPU.ActiveCfg = Release|Any CPU
		{A637F728-332E-42AA-8105-388826A5092C}.Release|Any CPU.Build.0 = Release|Any CPU
	EndGlobalSection
	GlobalSection(SolutionProperties) = preSolution
		HideSolutionNode = FALSE
	EndGlobalSection
	GlobalSection(ExtensibilityGlobals) = postSolution
		SolutionGuid = {F2A68434-7033-4931-B4E7-CFAD943DBE59}
	EndGlobalSection
EndGlobal
